github.com/01-edu/go-tests v0.0.0-20240719104846-c4a35009d9f2 h1:TOWEced3M8pKyJN5EA5QeUhJaBoXtwKb3WEuz8CxXVc=
github.com/01-edu/go-tests v0.0.0-20240719104846-c4a35009d9f2/go.mod h1:IYzuZWohzjAyod6PZ/oOxLeUFhf9yb361OVWWUqSgyM=
github.com/01-edu/z01 v0.1.0 h1:Rr1p92CKYXUgVFw872iGDABXpdkuKf2jmS+KV6r1034=
github.com/01-edu/z01 v0.1.0/go.mod h1:BH7t35JaNFuP83rTJDc5nkSfgmC/HYVcJsUcdFqYZNo=
